
Microsoft Visual Studio Solution File, Format Version 12.00
# Visual Studio Version 17
VisualStudioVersion = 17.11.35222.181
MinimumVisualStudioVersion = 10.0.40219.1
Project("{FAE04EC0-301F-11D3-BF4B-00C04F79EFBC}") = "WebApi", "WebApi\WebApi.csproj", "{70929B6E-8289-4910-83E8-C4EDF3555C95}"
EndProject
Project("{FAE04EC0-301F-11D3-BF4B-00C04F79EFBC}") = "Persistence", "Persistence\Persistence.csproj", "{6DB6C715-14B0-4254-B739-49FCCEFEC532}"
EndProject
Project("{FAE04EC0-301F-11D3-BF4B-00C04F79EFBC}") = "Domain", "Domain\Domain.csproj", "{3FDC7C3F-5283-4E75-8F0B-5B5CCA9F3D0C}"
EndProject
Project("{FAE04EC0-301F-11D3-BF4B-00C04F79EFBC}") = "Application", "Application\Application.csproj", "{B28A58B4-C401-4BB0-933A-97651FEEBAE5}"
EndProject
Project("{FAE04EC0-301F-11D3-BF4B-00C04F79EFBC}") = "Infrastructure", "Infrastructure\Infrastructure.csproj", "{ABE7FE09-5CCD-4DE6-910F-BBF51836C381}"
EndProject
Global
	GlobalSection(SolutionConfigurationPlatforms) = preSolution
		Debug|Any CPU = Debug|Any CPU
		Release|Any CPU = Release|Any CPU
	EndGlobalSection
	GlobalSection(ProjectConfigurationPlatforms) = postSolution
		{70929B6E-8289-4910-83E8-C4EDF3555C95}.Debug|Any CPU.ActiveCfg = Debug|Any CPU
		{70929B6E-8289-4910-83E8-C4EDF3555C95}.Debug|Any CPU.Build.0 = Debug|Any CPU
		{70929B6E-8289-4910-83E8-C4EDF3555C95}.Release|Any CPU.ActiveCfg = Release|Any CPU
		{70929B6E-8289-4910-83E8-C4EDF3555C95}.Release|Any CPU.Build.0 = Release|Any CPU
		{6DB6C715-14B0-4254-B739-49FCCEFEC532}.Debug|Any CPU.ActiveCfg = Debug|Any CPU
		{6DB6C715-14B0-4254-B739-49FCCEFEC532}.Debug|Any CPU.Build.0 = Debug|Any CPU
		{6DB6C715-14B0-4254-B739-49FCCEFEC532}.Release|Any CPU.ActiveCfg = Release|Any CPU
		{6DB6C715-14B0-4254-B739-49FCCEFEC532}.Release|Any CPU.Build.0 = Release|Any CPU
		{3FDC7C3F-5283-4E75-8F0B-5B5CCA9F3D0C}.Debug|Any CPU.ActiveCfg = Debug|Any CPU
		{3FDC7C3F-5283-4E75-8F0B-5B5CCA9F3D0C}.Debug|Any CPU.Build.0 = Debug|Any CPU
		{3FDC7C3F-5283-4E75-8F0B-5B5CCA9F3D0C}.Release|Any CPU.ActiveCfg = Release|Any CPU
		{3FDC7C3F-5283-4E75-8F0B-5B5CCA9F3D0C}.Release|Any CPU.Build.0 = Release|Any CPU
		{B28A58B4-C401-4BB0-933A-97651FEEBAE5}.Debug|Any CPU.ActiveCfg = Debug|Any CPU
		{B28A58B4-C401-4BB0-933A-97651FEEBAE5}.Debug|Any CPU.Build.0 = Debug|Any CPU
		{B28A58B4-C401-4BB0-933A-97651FEEBAE5}.Release|Any CPU.ActiveCfg = Release|Any CPU
		{B28A58B4-C401-4BB0-933A-97651FEEBAE5}.Release|Any CPU.Build.0 = Release|Any CPU
		{ABE7FE09-5CCD-4DE6-910F-BBF51836C381}.Debug|Any CPU.ActiveCfg = Debug|Any CPU
		{ABE7FE09-5CCD-4DE6-910F-BBF51836C381}.Debug|Any CPU.Build.0 = Debug|Any CPU
		{ABE7FE09-5CCD-4DE6-910F-BBF51836C381}.Release|Any CPU.ActiveCfg = Release|Any CPU
		{ABE7FE09-5CCD-4DE6-910F-BBF51836C381}.Release|Any CPU.Build.0 = Release|Any CPU
	EndGlobalSection
	GlobalSection(SolutionProperties) = preSolution
		HideSolutionNode = FALSE
	EndGlobalSection
	GlobalSection(ExtensibilityGlobals) = postSolution
		SolutionGuid = {43B128EB-45E2-4EE4-B939-E41485C3C235}
	EndGlobalSection
EndGlobal
